
Microsoft Visual Studio Solution File, Format Version 12.00
# Visual Studio 15
VisualStudioVersion = 15.0.28010.2036
MinimumVisualStudioVersion = 10.0.40219.1
Project("{FAE04EC0-301F-11D3-BF4B-00C04F79EFBC}") = "KütüphaneOtomasyon", "KütüphaneOtomasyon\KütüphaneOtomasyon.csproj", "{53F7F442-3E62-48C5-8364-187A7BF38D62}"
EndProject
Global
	GlobalSection(SolutionConfigurationPlatforms) = preSolution
		Debug|Any CPU = Debug|Any CPU
		Release|Any CPU = Release|Any CPU
	EndGlobalSection
	GlobalSection(ProjectConfigurationPlatforms) = postSolution
		{53F7F442-3E62-48C5-8364-187A7BF38D62}.Debug|Any CPU.ActiveCfg = Debug|Any CPU
		{53F7F442-3E62-48C5-8364-187A7BF38D62}.Debug|Any CPU.Build.0 = Debug|Any CPU
		{53F7F442-3E62-48C5-8364-187A7BF38D62}.Release|Any CPU.ActiveCfg = Release|Any CPU
		{53F7F442-3E62-48C5-8364-187A7BF38D62}.Release|Any CPU.Build.0 = Release|Any CPU
	EndGlobalSection
	GlobalSection(SolutionProperties) = preSolution
		HideSolutionNode = FALSE
	EndGlobalSection
	GlobalSection(ExtensibilityGlobals) = postSolution
		SolutionGuid = {A55420E9-4053-46E9-A734-B48A418372BB}
	EndGlobalSection
EndGlobal
